// !$*UTF8*$!
{
	archiveVersion = 1;
	classes = {
	};
	objectVersion = 55;
	objects = {

/* Begin PBXBuildFile section */
		21233B7F287CEF2700F84CB8 /* NavigationWithSwiftUIApp.swift in Sources */ = {isa = PBXBuildFile; fileRef = 21233B7E287CEF2700F84CB8 /* NavigationWithSwiftUIApp.swift */; };
		21233B81287CEF2700F84CB8 /* ContentView.swift in Sources */ = {isa = PBXBuildFile; fileRef = 21233B80287CEF2700F84CB8 /* ContentView.swift */; };
		21233B83287CEF2900F84CB8 /* Assets.xcassets in Resources */ = {isa = PBXBuildFile; fileRef = 21233B82287CEF2900F84CB8 /* Assets.xcassets */; };
		21233B86287CEF2900F84CB8 /* Preview Assets.xcassets in Resources */ = {isa = PBXBuildFile; fileRef = 21233B85287CEF2900F84CB8 /* Preview Assets.xcassets */; };
		21233B90287CEF2900F84CB8 /* NavigationWithSwiftUITests.swift in Sources */ = {isa = PBXBuildFile; fileRef = 21233B8F287CEF2900F84CB8 /* NavigationWithSwiftUITests.swift */; };
		21233B9A287CEF2900F84CB8 /* NavigationWithSwiftUIUITests.swift in Sources */ = {isa = PBXBuildFile; fileRef = 21233B99287CEF2900F84CB8 /* NavigationWithSwiftUIUITests.swift */; };
		21233B9C287CEF2900F84CB8 /* NavigationWithSwiftUIUITestsLaunchTests.swift in Sources */ = {isa = PBXBuildFile; fileRef = 21233B9B287CEF2900F84CB8 /* NavigationWithSwiftUIUITestsLaunchTests.swift */; };
		21DF0EC4287D71AE004FE679 /* DetailView.swift in Sources */ = {isa = PBXBuildFile; fileRef = 21DF0EC3287D71AE004FE679 /* DetailView.swift */; };
		21DF0EC6287D7518004FE679 /* PageOne.swift in Sources */ = {isa = PBXBuildFile; fileRef = 21DF0EC5287D7518004FE679 /* PageOne.swift */; };
		21DF0EC8287D7529004FE679 /* SubmitCodeView.swift in Sources */ = {isa = PBXBuildFile; fileRef = 21DF0EC7287D7529004FE679 /* SubmitCodeView.swift */; };
		21DF0ECA287D7540004FE679 /* PageTwo.swift in Sources */ = {isa = PBXBuildFile; fileRef = 21DF0EC9287D7540004FE679 /* PageTwo.swift */; };
		21DF0ECC287D7551004FE679 /* AnotherView.swift in Sources */ = {isa = PBXBuildFile; fileRef = 21DF0ECB287D7551004FE679 /* AnotherView.swift */; };
/* End PBXBuildFile section */

/* Begin PBXContainerItemProxy section */
		21233B8C287CEF2900F84CB8 /* PBXContainerItemProxy */ = {
			isa = PBXContainerItemProxy;
			containerPortal = 21233B73287CEF2700F84CB8 /* Project object */;
			proxyType = 1;
			remoteGlobalIDString = 21233B7A287CEF2700F84CB8;
			remoteInfo = NavigationWithSwiftUI;
		};
		21233B96287CEF2900F84CB8 /* PBXContainerItemProxy */ = {
			isa = PBXContainerItemProxy;
			containerPortal = 21233B73287CEF2700F84CB8 /* Project object */;
			proxyType = 1;
			remoteGlobalIDString = 21233B7A287CEF2700F84CB8;
			remoteInfo = NavigationWithSwiftUI;
		};
/* End PBXContainerItemProxy section */

/* Begin PBXFileReference section */
		21233B7B287CEF2700F84CB8 /* NavigationWithSwiftUI.app */ = {isa = PBXFileReference; explicitFileType = wrapper.application; includeInIndex = 0; path = NavigationWithSwiftUI.app; sourceTree = BUILT_PRODUCTS_DIR; };
		21233B7E287CEF2700F84CB8 /* NavigationWithSwiftUIApp.swift */ = {isa = PBXFileReference; lastKnownFileType = sourcecode.swift; path = NavigationWithSwiftUIApp.swift; sourceTree = "<group>"; };
		21233B80287CEF2700F84CB8 /* ContentView.swift */ = {isa = PBXFileReference; lastKnownFileType = sourcecode.swift; path = ContentView.swift; sourceTree = "<group>"; };
		21233B82287CEF2900F84CB8 /* Assets.xcassets */ = {isa = PBXFileReference; lastKnownFileType = folder.assetcatalog; path = Assets.xcassets; sourceTree = "<group>"; };
		21233B85287CEF2900F84CB8 /* Preview Assets.xcassets */ = {isa = PBXFileReference; lastKnownFileType = folder.assetcatalog; path = "Preview Assets.xcassets"; sourceTree = "<group>"; };
		21233B8B287CEF2900F84CB8 /* NavigationWithSwiftUITests.xctest */ = {isa = PBXFileReference; explicitFileType = wrapper.cfbundle; includeInIndex = 0; path = NavigationWithSwiftUITests.xctest; sourceTree = BUILT_PRODUCTS_DIR; };
		21233B8F287CEF2900F84CB8 /* NavigationWithSwiftUITests.swift */ = {isa = PBXFileReference; lastKnownFileType = sourcecode.swift; path = NavigationWithSwiftUITests.swift; sourceTree = "<group>"; };
		21233B95287CEF2900F84CB8 /* NavigationWithSwiftUIUITests.xctest */ = {isa = PBXFileReference; explicitFileType = wrapper.cfbundle; includeInIndex = 0; path = NavigationWithSwiftUIUITests.xctest; sourceTree = BUILT_PRODUCTS_DIR; };
		21233B99287CEF2900F84CB8 /* NavigationWithSwiftUIUITests.swift */ = {isa = PBXFileReference; lastKnownFileType = sourcecode.swift; path = NavigationWithSwiftUIUITests.swift; sourceTree = "<group>"; };
		21233B9B287CEF2900F84CB8 /* NavigationWithSwiftUIUITestsLaunchTests.swift */ = {isa = PBXFileReference; lastKnownFileType = sourcecode.swift; path = NavigationWithSwiftUIUITestsLaunchTests.swift; sourceTree = "<group>"; };
		21DF0EC3287D71AE004FE679 /* DetailView.swift */ = {isa = PBXFileReference; lastKnownFileType = sourcecode.swift; path = DetailView.swift; sourceTree = "<group>"; };
		21DF0EC5287D7518004FE679 /* PageOne.swift */ = {isa = PBXFileReference; lastKnownFileType = sourcecode.swift; path = PageOne.swift; sourceTree = "<group>"; };
		21DF0EC7287D7529004FE679 /* SubmitCodeView.swift */ = {isa = PBXFileReference; lastKnownFileType = sourcecode.swift; path = SubmitCodeView.swift; sourceTree = "<group>"; };
		21DF0EC9287D7540004FE679 /* PageTwo.swift */ = {isa = PBXFileReference; lastKnownFileType = sourcecode.swift; path = PageTwo.swift; sourceTree = "<group>"; };
		21DF0ECB287D7551004FE679 /* AnotherView.swift */ = {isa = PBXFileReference; lastKnownFileType = sourcecode.swift; path = AnotherView.swift; sourceTree = "<group>"; };
/* End PBXFileReference section */

/* Begin PBXFrameworksBuildPhase section */
		21233B78287CEF2700F84CB8 /* Frameworks */ = {
			isa = PBXFrameworksBuildPhase;
			buildActionMask = 2147483647;
			files = (
			);
			runOnlyForDeploymentPostprocessing = 0;
		};
		21233B88287CEF2900F84CB8 /* Frameworks */ = {
			isa = PBXFrameworksBuildPhase;
			buildActionMask = 2147483647;
			files = (
			);
			runOnlyForDeploymentPostprocessing = 0;
		};
		21233B92287CEF2900F84CB8 /* Frameworks */ = {
			isa = PBXFrameworksBuildPhase;
			buildActionMask = 2147483647;
			files = (
			);
			runOnlyForDeploymentPostprocessing = 0;
		};
/* End PBXFrameworksBuildPhase section */

/* Begin PBXGroup section */
		21233B72287CEF2700F84CB8 = {
			isa = PBXGroup;
			children = (
				21233B7D287CEF2700F84CB8 /* NavigationWithSwiftUI */,
				21233B8E287CEF2900F84CB8 /* NavigationWithSwiftUITests */,
				21233B98287CEF2900F84CB8 /* NavigationWithSwiftUIUITests */,
				21233B7C287CEF2700F84CB8 /* Products */,
			);
			sourceTree = "<group>";
		};
		21233B7C287CEF2700F84CB8 /* Products */ = {
			isa = PBXGroup;
			children = (
				21233B7B287CEF2700F84CB8 /* NavigationWithSwiftUI.app */,
				21233B8B287CEF2900F84CB8 /* NavigationWithSwiftUITests.xctest */,
				21233B95287CEF2900F84CB8 /* NavigationWithSwiftUIUITests.xctest */,
			);
			name = Products;
			sourceTree = "<group>";
		};
		21233B7D287CEF2700F84CB8 /* NavigationWithSwiftUI */ = {
			isa = PBXGroup;
			children = (
				21233B7E287CEF2700F84CB8 /* NavigationWithSwiftUIApp.swift */,
				21233B80287CEF2700F84CB8 /* ContentView.swift */,
				21DF0EC5287D7518004FE679 /* PageOne.swift */,
				21DF0EC9287D7540004FE679 /* PageTwo.swift */,
				21DF0EC3287D71AE004FE679 /* DetailView.swift */,
				21DF0ECB287D7551004FE679 /* AnotherView.swift */,
				21DF0EC7287D7529004FE679 /* SubmitCodeView.swift */,
				21233B82287CEF2900F84CB8 /* Assets.xcassets */,
				21233B84287CEF2900F84CB8 /* Preview Content */,
			);
			path = NavigationWithSwiftUI;
			sourceTree = "<group>";
		};
		21233B84287CEF2900F84CB8 /* Preview Content */ = {
			isa = PBXGroup;
			children = (
				21233B85287CEF2900F84CB8 /* Preview Assets.xcassets */,
			);
			path = "Preview Content";
			sourceTree = "<group>";
		};
		21233B8E287CEF2900F84CB8 /* NavigationWithSwiftUITests */ = {
			isa = PBXGroup;
			children = (
				21233B8F287CEF2900F84CB8 /* NavigationWithSwiftUITests.swift */,
			);
			path = NavigationWithSwiftUITests;
			sourceTree = "<group>";
		};
		21233B98287CEF2900F84CB8 /* NavigationWithSwiftUIUITests */ = {
			isa = PBXGroup;
			children = (
				21233B99287CEF2900F84CB8 /* NavigationWithSwiftUIUITests.swift */,
				21233B9B287CEF2900F84CB8 /* NavigationWithSwiftUIUITestsLaunchTests.swift */,
			);
			path = NavigationWithSwiftUIUITests;
			sourceTree = "<group>";
		};
/* End PBXGroup section */

/* Begin PBXNativeTarget section */
		21233B7A287CEF2700F84CB8 /* NavigationWithSwiftUI */ = {
			isa = PBXNativeTarget;
			buildConfigurationList = 21233B9F287CEF2900F84CB8 /* Build configuration list for PBXNativeTarget "NavigationWithSwiftUI" */;
			buildPhases = (
				21233B77287CEF2700F84CB8 /* Sources */,
				21233B78287CEF2700F84CB8 /* Frameworks */,
				21233B79287CEF2700F84CB8 /* Resources */,
			);
			buildRules = (
			);
			dependencies = (
			);
			name = NavigationWithSwiftUI;
			productName = NavigationWithSwiftUI;
			productReference = 21233B7B287CEF2700F84CB8 /* NavigationWithSwiftUI.app */;
			productType = "com.apple.product-type.application";
		};
		21233B8A287CEF2900F84CB8 /* NavigationWithSwiftUITests */ = {
			isa = PBXNativeTarget;
			buildConfigurationList = 21233BA2287CEF2900F84CB8 /* Build configuration list for PBXNativeTarget "NavigationWithSwiftUITests" */;
			buildPhases = (
				21233B87287CEF2900F84CB8 /* Sources */,
				21233B88287CEF2900F84CB8 /* Frameworks */,
				21233B89287CEF2900F84CB8 /* Resources */,
			);
			buildRules = (
			);
			dependencies = (
				21233B8D287CEF2900F84CB8 /* PBXTargetDependency */,
			);
			name = NavigationWithSwiftUITests;
			productName = NavigationWithSwiftUITests;
			productReference = 21233B8B287CEF2900F84CB8 /* NavigationWithSwiftUITests.xctest */;
			productType = "com.apple.product-type.bundle.unit-test";
		};
		21233B94287CEF2900F84CB8 /* NavigationWithSwiftUIUITests */ = {
			isa = PBXNativeTarget;
			buildConfigurationList = 21233BA5287CEF2900F84CB8 /* Build configuration list for PBXNativeTarget "NavigationWithSwiftUIUITests" */;
			buildPhases = (
				21233B91287CEF2900F84CB8 /* Sources */,
				21233B92287CEF2900F84CB8 /* Frameworks */,
				21233B93287CEF2900F84CB8 /* Resources */,
			);
			buildRules = (
			);
			dependencies = (
				21233B97287CEF2900F84CB8 /* PBXTargetDependency */,
			);
			name = NavigationWithSwiftUIUITests;
			productName = NavigationWithSwiftUIUITests;
			productReference = 21233B95287CEF2900F84CB8 /* NavigationWithSwiftUIUITests.xctest */;
			productType = "com.apple.product-type.bundle.ui-testing";
		};
/* End PBXNativeTarget section */

/* Begin PBXProject section */
		21233B73287CEF2700F84CB8 /* Project object */ = {
			isa = PBXProject;
			attributes = {
				BuildIndependentTargetsInParallel = 1;
				LastSwiftUpdateCheck = 1330;
				LastUpgradeCheck = 1330;
				TargetAttributes = {
					21233B7A287CEF2700F84CB8 = {
						CreatedOnToolsVersion = 13.3;
					};
					21233B8A287CEF2900F84CB8 = {
						CreatedOnToolsVersion = 13.3;
						TestTargetID = 21233B7A287CEF2700F84CB8;
					};
					21233B94287CEF2900F84CB8 = {
						CreatedOnToolsVersion = 13.3;
						TestTargetID = 21233B7A287CEF2700F84CB8;
					};
				};
			};
			buildConfigurationList = 21233B76287CEF2700F84CB8 /* Build configuration list for PBXProject "NavigationWithSwiftUI" */;
			compatibilityVersion = "Xcode 13.0";
			developmentRegion = en;
			hasScannedForEncodings = 0;
			knownRegions = (
				en,
				Base,
			);
			mainGroup = 21233B72287CEF2700F84CB8;
			productRefGroup = 21233B7C287CEF2700F84CB8 /* Products */;
			projectDirPath = "";
			projectRoot = "";
			targets = (
				21233B7A287CEF2700F84CB8 /* NavigationWithSwiftUI */,
				21233B8A287CEF2900F84CB8 /* NavigationWithSwiftUITests */,
				21233B94287CEF2900F84CB8 /* NavigationWithSwiftUIUITests */,
			);
		};
/* End PBXProject section */

/* Begin PBXResourcesBuildPhase section */
		21233B79287CEF2700F84CB8 /* Resources */ = {
			isa = PBXResourcesBuildPhase;
			buildActionMask = 2147483647;
			files = (
				21233B86287CEF2900F84CB8 /* Preview Assets.xcassets in Resources */,
				21233B83287CEF2900F84CB8 /* Assets.xcassets in Resources */,
			);
			runOnlyForDeploymentPostprocessing = 0;
		};
		21233B89287CEF2900F84CB8 /* Resources */ = {
			isa = PBXResourcesBuildPhase;
			buildActionMask = 2147483647;
			files = (
			);
			runOnlyForDeploymentPostprocessing = 0;
		};
		21233B93287CEF2900F84CB8 /* Resources */ = {
			isa = PBXResourcesBuildPhase;
			buildActionMask = 2147483647;
			files = (
			);
			runOnlyForDeploymentPostprocessing = 0;
		};
/* End PBXResourcesBuildPhase section */

/* Begin PBXSourcesBuildPhase section */
		21233B77287CEF2700F84CB8 /* Sources */ = {
			isa = PBXSourcesBuildPhase;
			buildActionMask = 2147483647;
			files = (
				21DF0EC8287D7529004FE679 /* SubmitCodeView.swift in Sources */,
				21DF0ECA287D7540004FE679 /* PageTwo.swift in Sources */,
				21233B81287CEF2700F84CB8 /* ContentView.swift in Sources */,
				21DF0ECC287D7551004FE679 /* AnotherView.swift in Sources */,
				21DF0EC4287D71AE004FE679 /* DetailView.swift in Sources */,
				21233B7F287CEF2700F84CB8 /* NavigationWithSwiftUIApp.swift in Sources */,
				21DF0EC6287D7518004FE679 /* PageOne.swift in Sources */,
			);
			runOnlyForDeploymentPostprocessing = 0;
		};
		21233B87287CEF2900F84CB8 /* Sources */ = {
			isa = PBXSourcesBuildPhase;
			buildActionMask = 2147483647;
			files = (
				21233B90287CEF2900F84CB8 /* NavigationWithSwiftUITests.swift in Sources */,
			);
			runOnlyForDeploymentPostprocessing = 0;
		};
		21233B91287CEF2900F84CB8 /* Sources */ = {
			isa = PBXSourcesBuildPhase;
			buildActionMask = 2147483647;
			files = (
				21233B9C287CEF2900F84CB8 /* NavigationWithSwiftUIUITestsLaunchTests.swift in Sources */,
				21233B9A287CEF2900F84CB8 /* NavigationWithSwiftUIUITests.swift in Sources */,
			);
			runOnlyForDeploymentPostprocessing = 0;
		};
/* End PBXSourcesBuildPhase section */

/* Begin PBXTargetDependency section */
		21233B8D287CEF2900F84CB8 /* PBXTargetDependency */ = {
			isa = PBXTargetDependency;
			target = 21233B7A287CEF2700F84CB8 /* NavigationWithSwiftUI */;
			targetProxy = 21233B8C287CEF2900F84CB8 /* PBXContainerItemProxy */;
		};
		21233B97287CEF2900F84CB8 /* PBXTargetDependency */ = {
			isa = PBXTargetDependency;
			target = 21233B7A287CEF2700F84CB8 /* NavigationWithSwiftUI */;
			targetProxy = 21233B96287CEF2900F84CB8 /* PBXContainerItemProxy */;
		};
/* End PBXTargetDependency section */

/* Begin XCBuildConfiguration section */
		21233B9D287CEF2900F84CB8 /* Debug */ = {
			isa = XCBuildConfiguration;
			buildSettings = {
				ALWAYS_SEARCH_USER_PATHS = NO;
				CLANG_ANALYZER_NONNULL = YES;
				CLANG_ANALYZER_NUMBER_OBJECT_CONVERSION = YES_AGGRESSIVE;
				CLANG_CXX_LANGUAGE_STANDARD = "gnu++17";
				CLANG_ENABLE_MODULES = YES;
				CLANG_ENABLE_OBJC_ARC = YES;
				CLANG_ENABLE_OBJC_WEAK = YES;
				CLANG_WARN_BLOCK_CAPTURE_AUTORELEASING = YES;
				CLANG_WARN_BOOL_CONVERSION = YES;
				CLANG_WARN_COMMA = YES;
				CLANG_WARN_CONSTANT_CONVERSION = YES;
				CLANG_WARN_DEPRECATED_OBJC_IMPLEMENTATIONS = YES;
				CLANG_WARN_DIRECT_OBJC_ISA_USAGE = YES_ERROR;
				CLANG_WARN_DOCUMENTATION_COMMENTS = YES;
				CLANG_WARN_EMPTY_BODY = YES;
				CLANG_WARN_ENUM_CONVERSION = YES;
				CLANG_WARN_INFINITE_RECURSION = YES;
				CLANG_WARN_INT_CONVERSION = YES;
				CLANG_WARN_NON_LITERAL_NULL_CONVERSION = YES;
				CLANG_WARN_OBJC_IMPLICIT_RETAIN_SELF = YES;
				CLANG_WARN_OBJC_LITERAL_CONVERSION = YES;
				CLANG_WARN_OBJC_ROOT_CLASS = YES_ERROR;
				CLANG_WARN_QUOTED_INCLUDE_IN_FRAMEWORK_HEADER = YES;
				CLANG_WARN_RANGE_LOOP_ANALYSIS = YES;
				CLANG_WARN_STRICT_PROTOTYPES = YES;
				CLANG_WARN_SUSPICIOUS_MOVE = YES;
				CLANG_WARN_UNGUARDED_AVAILABILITY = YES_AGGRESSIVE;
				CLANG_WARN_UNREACHABLE_CODE = YES;
				CLANG_WARN__DUPLICATE_METHOD_MATCH = YES;
				COPY_PHASE_STRIP = NO;
				DEBUG_INFORMATION_FORMAT = dwarf;
				ENABLE_STRICT_OBJC_MSGSEND = YES;
				ENABLE_TESTABILITY = YES;
				GCC_C_LANGUAGE_STANDARD = gnu11;
				GCC_DYNAMIC_NO_PIC = NO;
				GCC_NO_COMMON_BLOCKS = YES;
				GCC_OPTIMIZATION_LEVEL = 0;
				GCC_PREPROCESSOR_DEFINITIONS = (
					"DEBUG=1",
					"$(inherited)",
				);
				GCC_WARN_64_TO_32_BIT_CONVERSION = YES;
				GCC_WARN_ABOUT_RETURN_TYPE = YES_ERROR;
				GCC_WARN_UNDECLARED_SELECTOR = YES;
				GCC_WARN_UNINITIALIZED_AUTOS = YES_AGGRESSIVE;
				GCC_WARN_UNUSED_FUNCTION = YES;
				GCC_WARN_UNUSED_VARIABLE = YES;
				IPHONEOS_DEPLOYMENT_TARGET = 15.4;
				MTL_ENABLE_DEBUG_INFO = INCLUDE_SOURCE;
				MTL_FAST_MATH = YES;
				ONLY_ACTIVE_ARCH = YES;
				SDKROOT = iphoneos;
				SWIFT_ACTIVE_COMPILATION_CONDITIONS = DEBUG;
				SWIFT_OPTIMIZATION_LEVEL = "-Onone";
			};
			name = Debug;
		};
		21233B9E287CEF2900F84CB8 /* Release */ = {
			isa = XCBuildConfiguration;
			buildSettings = {
				ALWAYS_SEARCH_USER_PATHS = NO;
				CLANG_ANALYZER_NONNULL = YES;
				CLANG_ANALYZER_NUMBER_OBJECT_CONVERSION = YES_AGGRESSIVE;
				CLANG_CXX_LANGUAGE_STANDARD = "gnu++17";
				CLANG_ENABLE_MODULES = YES;
				CLANG_ENABLE_OBJC_ARC = YES;
				CLANG_ENABLE_OBJC_WEAK = YES;
				CLANG_WARN_BLOCK_CAPTURE_AUTORELEASING = YES;
				CLANG_WARN_BOOL_CONVERSION = YES;
				CLANG_WARN_COMMA = YES;
				CLANG_WARN_CONSTANT_CONVERSION = YES;
				CLANG_WARN_DEPRECATED_OBJC_IMPLEMENTATIONS = YES;
				CLANG_WARN_DIRECT_OBJC_ISA_USAGE = YES_ERROR;
				CLANG_WARN_DOCUMENTATION_COMMENTS = YES;
				CLANG_WARN_EMPTY_BODY = YES;
				CLANG_WARN_ENUM_CONVERSION = YES;
				CLANG_WARN_INFINITE_RECURSION = YES;
				CLANG_WARN_INT_CONVERSION = YES;
				CLANG_WARN_NON_LITERAL_NULL_CONVERSION = YES;
				CLANG_WARN_OBJC_IMPLICIT_RETAIN_SELF = YES;
				CLANG_WARN_OBJC_LITERAL_CONVERSION = YES;
				CLANG_WARN_OBJC_ROOT_CLASS = YES_ERROR;
				CLANG_WARN_QUOTED_INCLUDE_IN_FRAMEWORK_HEADER = YES;
				CLANG_WARN_RANGE_LOOP_ANALYSIS = YES;
				CLANG_WARN_STRICT_PROTOTYPES = YES;
				CLANG_WARN_SUSPICIOUS_MOVE = YES;
				CLANG_WARN_UNGUARDED_AVAILABILITY = YES_AGGRESSIVE;
				CLANG_WARN_UNREACHABLE_CODE = YES;
				CLANG_WARN__DUPLICATE_METHOD_MATCH = YES;
				COPY_PHASE_STRIP = NO;
				DEBUG_INFORMATION_FORMAT = "dwarf-with-dsym";
				ENABLE_NS_ASSERTIONS = NO;
				ENABLE_STRICT_OBJC_MSGSEND = YES;
				GCC_C_LANGUAGE_STANDARD = gnu11;
				GCC_NO_COMMON_BLOCKS = YES;
				GCC_WARN_64_TO_32_BIT_CONVERSION = YES;
				GCC_WARN_ABOUT_RETURN_TYPE = YES_ERROR;
				GCC_WARN_UNDECLARED_SELECTOR = YES;
				GCC_WARN_UNINITIALIZED_AUTOS = YES_AGGRESSIVE;
				GCC_WARN_UNUSED_FUNCTION = YES;
				GCC_WARN_UNUSED_VARIABLE = YES;
				IPHONEOS_DEPLOYMENT_TARGET = 15.4;
				MTL_ENABLE_DEBUG_INFO = NO;
				MTL_FAST_MATH = YES;
				SDKROOT = iphoneos;
				SWIFT_COMPILATION_MODE = wholemodule;
				SWIFT_OPTIMIZATION_LEVEL = "-O";
				VALIDATE_PRODUCT = YES;
			};
			name = Release;
		};
		21233BA0287CEF2900F84CB8 /* Debug */ = {
			isa = XCBuildConfiguration;
			buildSettings = {
				ASSETCATALOG_COMPILER_APPICON_NAME = AppIcon;
				ASSETCATALOG_COMPILER_GLOBAL_ACCENT_COLOR_NAME = AccentColor;
				CODE_SIGN_STYLE = Automatic;
				CURRENT_PROJECT_VERSION = 1;
				DEVELOPMENT_ASSET_PATHS = "\"NavigationWithSwiftUI/Preview Content\"";
				DEVELOPMENT_TEAM = 6UWE2EP59T;
				ENABLE_PREVIEWS = YES;
				GENERATE_INFOPLIST_FILE = YES;
				INFOPLIST_KEY_UIApplicationSceneManifest_Generation = YES;
				INFOPLIST_KEY_UIApplicationSupportsIndirectInputEvents = YES;
				INFOPLIST_KEY_UILaunchScreen_Generation = YES;
				INFOPLIST_KEY_UISupportedInterfaceOrientations_iPad = "UIInterfaceOrientationPortrait UIInterfaceOrientationPortraitUpsideDown UIInterfaceOrientationLandscapeLeft UIInterfaceOrientationLandscapeRight";
				INFOPLIST_KEY_UISupportedInterfaceOrientations_iPhone = "UIInterfaceOrientationPortrait UIInterfaceOrientationLandscapeLeft UIInterfaceOrientationLandscapeRight";
				LD_RUNPATH_SEARCH_PATHS = (
					"$(inherited)",
					"@executable_path/Frameworks",
				);
				MARKETING_VERSION = 1.0;
				PRODUCT_BUNDLE_IDENTIFIER = me.vienn.NavigationWithSwiftUI;
				PRODUCT_NAME = "$(TARGET_NAME)";
				SWIFT_EMIT_LOC_STRINGS = YES;
				SWIFT_VERSION = 5.0;
				TARGETED_DEVICE_FAMILY = "1,2";
			};
			name = Debug;
		};
		21233BA1287CEF2900F84CB8 /* Release */ = {
			isa = XCBuildConfiguration;
			buildSettings = {
				ASSETCATALOG_COMPILER_APPICON_NAME = AppIcon;
				ASSETCATALOG_COMPILER_GLOBAL_ACCENT_COLOR_NAME = AccentColor;
				CODE_SIGN_STYLE = Automatic;
				CURRENT_PROJECT_VERSION = 1;
				DEVELOPMENT_ASSET_PATHS = "\"NavigationWithSwiftUI/Preview Content\"";
				DEVELOPMENT_TEAM = 6UWE2EP59T;
				ENABLE_PREVIEWS = YES;
				GENERATE_INFOPLIST_FILE = YES;
				INFOPLIST_KEY_UIApplicationSceneManifest_Generation = YES;
				INFOPLIST_KEY_UIApplicationSupportsIndirectInputEvents = YES;
				INFOPLIST_KEY_UILaunchScreen_Generation = YES;
				INFOPLIST_KEY_UISupportedInterfaceOrientations_iPad = "UIInterfaceOrientationPortrait UIInterfaceOrientationPortraitUpsideDown UIInterfaceOrientationLandscapeLeft UIInterfaceOrientationLandscapeRight";
				INFOPLIST_KEY_UISupportedInterfaceOrientations_iPhone = "UIInterfaceOrientationPortrait UIInterfaceOrientationLandscapeLeft UIInterfaceOrientationLandscapeRight";
				LD_RUNPATH_SEARCH_PATHS = (
					"$(inherited)",
					"@executable_path/Frameworks",
				);
				MARKETING_VERSION = 1.0;
				PRODUCT_BUNDLE_IDENTIFIER = me.vienn.NavigationWithSwiftUI;
				PRODUCT_NAME = "$(TARGET_NAME)";
				SWIFT_EMIT_LOC_STRINGS = YES;
				SWIFT_VERSION = 5.0;
				TARGETED_DEVICE_FAMILY = "1,2";
			};
			name = Release;
		};
		21233BA3287CEF2900F84CB8 /* Debug */ = {
			isa = XCBuildConfiguration;
			buildSettings = {
				ALWAYS_EMBED_SWIFT_STANDARD_LIBRARIES = YES;
				BUNDLE_LOADER = "$(TEST_HOST)";
				CODE_SIGN_STYLE = Automatic;
				CURRENT_PROJECT_VERSION = 1;
				DEVELOPMENT_TEAM = 6UWE2EP59T;
				GENERATE_INFOPLIST_FILE = YES;
				IPHONEOS_DEPLOYMENT_TARGET = 15.4;
				MARKETING_VERSION = 1.0;
				PRODUCT_BUNDLE_IDENTIFIER = me.vienn.NavigationWithSwiftUITests;
				PRODUCT_NAME = "$(TARGET_NAME)";
				SWIFT_EMIT_LOC_STRINGS = NO;
				SWIFT_VERSION = 5.0;
				TARGETED_DEVICE_FAMILY = "1,2";
				TEST_HOST = "$(BUILT_PRODUCTS_DIR)/NavigationWithSwiftUI.app/NavigationWithSwiftUI";
			};
			name = Debug;
		};
		21233BA4287CEF2900F84CB8 /* Release */ = {
			isa = XCBuildConfiguration;
			buildSettings = {
				ALWAYS_EMBED_SWIFT_STANDARD_LIBRARIES = YES;
				BUNDLE_LOADER = "$(TEST_HOST)";
				CODE_SIGN_STYLE = Automatic;
				CURRENT_PROJECT_VERSION = 1;
				DEVELOPMENT_TEAM = 6UWE2EP59T;
				GENERATE_INFOPLIST_FILE = YES;
				IPHONEOS_DEPLOYMENT_TARGET = 15.4;
				MARKETING_VERSION = 1.0;
				PRODUCT_BUNDLE_IDENTIFIER = me.vienn.NavigationWithSwiftUITests;
				PRODUCT_NAME = "$(TARGET_NAME)";
				SWIFT_EMIT_LOC_STRINGS = NO;
				SWIFT_VERSION = 5.0;
				TARGETED_DEVICE_FAMILY = "1,2";
				TEST_HOST = "$(BUILT_PRODUCTS_DIR)/NavigationWithSwiftUI.app/NavigationWithSwiftUI";
			};
			name = Release;
		};
		21233BA6287CEF2900F84CB8 /* Debug */ = {
			isa = XCBuildConfiguration;
			buildSettings = {
				ALWAYS_EMBED_SWIFT_STANDARD_LIBRARIES = YES;
				CODE_SIGN_STYLE = Automatic;
				CURRENT_PROJECT_VERSION = 1;
				DEVELOPMENT_TEAM = 6UWE2EP59T;
				GENERATE_INFOPLIST_FILE = YES;
				MARKETING_VERSION = 1.0;
				PRODUCT_BUNDLE_IDENTIFIER = me.vienn.NavigationWithSwiftUIUITests;
				PRODUCT_NAME = "$(TARGET_NAME)";
				SWIFT_EMIT_LOC_STRINGS = NO;
				SWIFT_VERSION = 5.0;
				TARGETED_DEVICE_FAMILY = "1,2";
				TEST_TARGET_NAME = NavigationWithSwiftUI;
			};
			name = Debug;
		};
		21233BA7287CEF2900F84CB8 /* Release */ = {
			isa = XCBuildConfiguration;
			buildSettings = {
				ALWAYS_EMBED_SWIFT_STANDARD_LIBRARIES = YES;
				CODE_SIGN_STYLE = Automatic;
				CURRENT_PROJECT_VERSION = 1;
				DEVELOPMENT_TEAM = 6UWE2EP59T;
				GENERATE_INFOPLIST_FILE = YES;
				MARKETING_VERSION = 1.0;
				PRODUCT_BUNDLE_IDENTIFIER = me.vienn.NavigationWithSwiftUIUITests;
				PRODUCT_NAME = "$(TARGET_NAME)";
				SWIFT_EMIT_LOC_STRINGS = NO;
				SWIFT_VERSION = 5.0;
				TARGETED_DEVICE_FAMILY = "1,2";
				TEST_TARGET_NAME = NavigationWithSwiftUI;
			};
			name = Release;
		};
/* End XCBuildConfiguration section */

/* Begin XCConfigurationList section */
		21233B76287CEF2700F84CB8 /* Build configuration list for PBXProject "NavigationWithSwiftUI" */ = {
			isa = XCConfigurationList;
			buildConfigurations = (
				21233B9D287CEF2900F84CB8 /* Debug */,
				21233B9E287CEF2900F84CB8 /* Release */,
			);
			defaultConfigurationIsVisible = 0;
			defaultConfigurationName = Release;
		};
		21233B9F287CEF2900F84CB8 /* Build configuration list for PBXNativeTarget "NavigationWithSwiftUI" */ = {
			isa = XCConfigurationList;
			buildConfigurations = (
				21233BA0287CEF2900F84CB8 /* Debug */,
				21233BA1287CEF2900F84CB8 /* Release */,
			);
			defaultConfigurationIsVisible = 0;
			defaultConfigurationName = Release;
		};
		21233BA2287CEF2900F84CB8 /* Build configuration list for PBXNativeTarget "NavigationWithSwiftUITests" */ = {
			isa = XCConfigurationList;
			buildConfigurations = (
				21233BA3287CEF2900F84CB8 /* Debug */,
				21233BA4287CEF2900F84CB8 /* Release */,
			);
			defaultConfigurationIsVisible = 0;
			defaultConfigurationName = Release;
		};
		21233BA5287CEF2900F84CB8 /* Build configuration list for PBXNativeTarget "NavigationWithSwiftUIUITests" */ = {
			isa = XCConfigurationList;
			buildConfigurations = (
				21233BA6287CEF2900F84CB8 /* Debug */,
				21233BA7287CEF2900F84CB8 /* Release */,
			);
			defaultConfigurationIsVisible = 0;
			defaultConfigurationName = Release;
		};
/* End XCConfigurationList section */
	};
	rootObject = 21233B73287CEF2700F84CB8 /* Project object */;
}
